// !$*UTF8*$!
{
	archiveVersion = 1;
	classes = {
	};
	objectVersion = 50;
	objects = {

/* Begin PBXBuildFile section */
		D60413B026CA4BA0002031AC /* FloatingLabelTextField.swift in Sources */ = {isa = PBXBuildFile; fileRef = D60413AF26CA4BA0002031AC /* FloatingLabelTextField.swift */; };
		D60413B226CA4BB4002031AC /* FormattingTextField.swift in Sources */ = {isa = PBXBuildFile; fileRef = D60413B126CA4BB4002031AC /* FormattingTextField.swift */; };
		D6306F262BA319C100A8B54C /* StackViewController.swift in Sources */ = {isa = PBXBuildFile; fileRef = D6306F252BA319C100A8B54C /* StackViewController.swift */; };
		D6306F282BA319E400A8B54C /* Entry.swift in Sources */ = {isa = PBXBuildFile; fileRef = D6306F272BA319E400A8B54C /* Entry.swift */; };
		D64462B02732B71E002104AC /* AcceptedLettersTests.swift in Sources */ = {isa = PBXBuildFile; fileRef = D64462AF2732B71E002104AC /* AcceptedLettersTests.swift */; };
		D6493E482B9875580076841F /* PhoneFieldViewController.swift in Sources */ = {isa = PBXBuildFile; fileRef = D6493E472B9875580076841F /* PhoneFieldViewController.swift */; };
		D656DDBE26CD6E6A00BAAA29 /* UIFont+Monospaced.swift in Sources */ = {isa = PBXBuildFile; fileRef = D656DDBD26CD6E6A00BAAA29 /* UIFont+Monospaced.swift */; };
		D6A6F5C32684BC9700157970 /* AGInputControls.framework in Frameworks */ = {isa = PBXBuildFile; fileRef = D6A6F5B92684BC9700157970 /* AGInputControls.framework */; };
		D6A6F5C82684BC9700157970 /* AGInputControlsTests.swift in Sources */ = {isa = PBXBuildFile; fileRef = D6A6F5C72684BC9700157970 /* AGInputControlsTests.swift */; };
		D6A6F5CA2684BC9700157970 /* AGInputControls.h in Headers */ = {isa = PBXBuildFile; fileRef = D6A6F5BC2684BC9700157970 /* AGInputControls.h */; settings = {ATTRIBUTES = (Public, ); }; };
		D6A6F5D62684BD5100157970 /* OTPCodeTextField.swift in Sources */ = {isa = PBXBuildFile; fileRef = D6A6F5D52684BD5100157970 /* OTPCodeTextField.swift */; };
		D6A6F5E22684BD9900157970 /* AppDelegate.swift in Sources */ = {isa = PBXBuildFile; fileRef = D6A6F5E12684BD9900157970 /* AppDelegate.swift */; };
		D6A6F5E42684BD9900157970 /* SceneDelegate.swift in Sources */ = {isa = PBXBuildFile; fileRef = D6A6F5E32684BD9900157970 /* SceneDelegate.swift */; };
		D6A6F5E62684BD9A00157970 /* ViewController.swift in Sources */ = {isa = PBXBuildFile; fileRef = D6A6F5E52684BD9A00157970 /* ViewController.swift */; };
		D6A6F5E92684BD9A00157970 /* Main.storyboard in Resources */ = {isa = PBXBuildFile; fileRef = D6A6F5E72684BD9A00157970 /* Main.storyboard */; };
		D6A6F5EB2684BD9B00157970 /* Assets.xcassets in Resources */ = {isa = PBXBuildFile; fileRef = D6A6F5EA2684BD9B00157970 /* Assets.xcassets */; };
		D6A6F5EE2684BD9B00157970 /* LaunchScreen.storyboard in Resources */ = {isa = PBXBuildFile; fileRef = D6A6F5EC2684BD9B00157970 /* LaunchScreen.storyboard */; };
		D6ABBDAF2726B5920064473E /* String+Extension.swift in Sources */ = {isa = PBXBuildFile; fileRef = D6ABBDAE2726B5920064473E /* String+Extension.swift */; };
		D6ABBDB22726C8E00064473E /* FormattingTextField+Extension.swift in Sources */ = {isa = PBXBuildFile; fileRef = D6ABBDB12726C8E00064473E /* FormattingTextField+Extension.swift */; };
		D6ABBDB42726E4BE0064473E /* PhoneNumberFieldTests.swift in Sources */ = {isa = PBXBuildFile; fileRef = D6ABBDB32726E4BE0064473E /* PhoneNumberFieldTests.swift */; };
		D6ABBDB62726EA260064473E /* FormattingFieldTests.swift in Sources */ = {isa = PBXBuildFile; fileRef = D6ABBDB52726EA260064473E /* FormattingFieldTests.swift */; };
		D6ABBDF0272ADDF60064473E /* PhoneNumberFormatter.swift in Sources */ = {isa = PBXBuildFile; fileRef = D6ABBDEF272ADDF60064473E /* PhoneNumberFormatter.swift */; };
		D6ABBDF2272AE0020064473E /* AGFormatter.swift in Sources */ = {isa = PBXBuildFile; fileRef = D6ABBDF1272AE0020064473E /* AGFormatter.swift */; };
		D6ABBDF4272AE0220064473E /* DefaultFormatter.swift in Sources */ = {isa = PBXBuildFile; fileRef = D6ABBDF3272AE0220064473E /* DefaultFormatter.swift */; };
		D6ABBDF6272AE1C60064473E /* DefaultFormatterTests.swift in Sources */ = {isa = PBXBuildFile; fileRef = D6ABBDF5272AE1C60064473E /* DefaultFormatterTests.swift */; };
		D6ABBDFC272D7F860064473E /* AGFormatter+Extension.swift in Sources */ = {isa = PBXBuildFile; fileRef = D6ABBDFB272D7F860064473E /* AGFormatter+Extension.swift */; };
		D6B1E49B2BAE3F2F00DD8301 /* OTPViewController.swift in Sources */ = {isa = PBXBuildFile; fileRef = D6B1E49A2BAE3F2F00DD8301 /* OTPViewController.swift */; };
		D6C9B7D22684DE9A00F08CAA /* AGInputControls.framework in Frameworks */ = {isa = PBXBuildFile; fileRef = D6A6F5B92684BC9700157970 /* AGInputControls.framework */; };
		D6C9B7D32684DE9A00F08CAA /* AGInputControls.framework in Embed Frameworks */ = {isa = PBXBuildFile; fileRef = D6A6F5B92684BC9700157970 /* AGInputControls.framework */; settings = {ATTRIBUTES = (RemoveHeadersOnCopy, ); }; };
		D6C9B7DC2685F65600F08CAA /* PhoneTextField.swift in Sources */ = {isa = PBXBuildFile; fileRef = D6C9B7DB2685F65600F08CAA /* PhoneTextField.swift */; };
		D6EC7C102B97A58400190184 /* PaddingTextField.swift in Sources */ = {isa = PBXBuildFile; fileRef = D6EC7C0F2B97A58400190184 /* PaddingTextField.swift */; };
		D6EC7C122B97C96200190184 /* MenuViewController.swift in Sources */ = {isa = PBXBuildFile; fileRef = D6EC7C112B97C96200190184 /* MenuViewController.swift */; };
		D6EC7C142B97CC4400190184 /* FloatingLabelViewController.swift in Sources */ = {isa = PBXBuildFile; fileRef = D6EC7C132B97CC4400190184 /* FloatingLabelViewController.swift */; };
/* End PBXBuildFile section */

/* Begin PBXContainerItemProxy section */
		D6A6F5C42684BC9700157970 /* PBXContainerItemProxy */ = {
			isa = PBXContainerItemProxy;
			containerPortal = D6A6F5B02684BC9700157970 /* Project object */;
			proxyType = 1;
			remoteGlobalIDString = D6A6F5B82684BC9700157970;
			remoteInfo = AGInputControls;
		};
		D6C9B7D42684DE9A00F08CAA /* PBXContainerItemProxy */ = {
			isa = PBXContainerItemProxy;
			containerPortal = D6A6F5B02684BC9700157970 /* Project object */;
			proxyType = 1;
			remoteGlobalIDString = D6A6F5B82684BC9700157970;
			remoteInfo = AGInputControls;
		};
/* End PBXContainerItemProxy section */

/* Begin PBXCopyFilesBuildPhase section */
		D6C9B7D62684DE9A00F08CAA /* Embed Frameworks */ = {
			isa = PBXCopyFilesBuildPhase;
			buildActionMask = 2147483647;
			dstPath = "";
			dstSubfolderSpec = 10;
			files = (
				D6C9B7D32684DE9A00F08CAA /* AGInputControls.framework in Embed Frameworks */,
			);
			name = "Embed Frameworks";
			runOnlyForDeploymentPostprocessing = 0;
		};
/* End PBXCopyFilesBuildPhase section */

/* Begin PBXFileReference section */
		D60413AF26CA4BA0002031AC /* FloatingLabelTextField.swift */ = {isa = PBXFileReference; fileEncoding = 4; lastKnownFileType = sourcecode.swift; path = FloatingLabelTextField.swift; sourceTree = "<group>"; };
		D60413B126CA4BB4002031AC /* FormattingTextField.swift */ = {isa = PBXFileReference; lastKnownFileType = sourcecode.swift; path = FormattingTextField.swift; sourceTree = "<group>"; };
		D6306F252BA319C100A8B54C /* StackViewController.swift */ = {isa = PBXFileReference; lastKnownFileType = sourcecode.swift; path = StackViewController.swift; sourceTree = "<group>"; };
		D6306F272BA319E400A8B54C /* Entry.swift */ = {isa = PBXFileReference; lastKnownFileType = sourcecode.swift; path = Entry.swift; sourceTree = "<group>"; };
		D64462AF2732B71E002104AC /* AcceptedLettersTests.swift */ = {isa = PBXFileReference; lastKnownFileType = sourcecode.swift; path = AcceptedLettersTests.swift; sourceTree = "<group>"; };
		D6493E472B9875580076841F /* PhoneFieldViewController.swift */ = {isa = PBXFileReference; lastKnownFileType = sourcecode.swift; path = PhoneFieldViewController.swift; sourceTree = "<group>"; };
		D656DDBD26CD6E6A00BAAA29 /* UIFont+Monospaced.swift */ = {isa = PBXFileReference; lastKnownFileType = sourcecode.swift; path = "UIFont+Monospaced.swift"; sourceTree = "<group>"; };
		D6A6F5B92684BC9700157970 /* AGInputControls.framework */ = {isa = PBXFileReference; explicitFileType = wrapper.framework; includeInIndex = 0; path = AGInputControls.framework; sourceTree = BUILT_PRODUCTS_DIR; };
		D6A6F5BC2684BC9700157970 /* AGInputControls.h */ = {isa = PBXFileReference; lastKnownFileType = sourcecode.c.h; path = AGInputControls.h; sourceTree = "<group>"; };
		D6A6F5BD2684BC9700157970 /* Info.plist */ = {isa = PBXFileReference; lastKnownFileType = text.plist.xml; path = Info.plist; sourceTree = "<group>"; };
		D6A6F5C22684BC9700157970 /* AGInputControlsTests.xctest */ = {isa = PBXFileReference; explicitFileType = wrapper.cfbundle; includeInIndex = 0; path = AGInputControlsTests.xctest; sourceTree = BUILT_PRODUCTS_DIR; };
		D6A6F5C72684BC9700157970 /* AGInputControlsTests.swift */ = {isa = PBXFileReference; lastKnownFileType = sourcecode.swift; path = AGInputControlsTests.swift; sourceTree = "<group>"; };
		D6A6F5C92684BC9700157970 /* Info.plist */ = {isa = PBXFileReference; lastKnownFileType = text.plist.xml; path = Info.plist; sourceTree = "<group>"; };
		D6A6F5D52684BD5100157970 /* OTPCodeTextField.swift */ = {isa = PBXFileReference; lastKnownFileType = sourcecode.swift; path = OTPCodeTextField.swift; sourceTree = "<group>"; };
		D6A6F5DF2684BD9900157970 /* Examples.app */ = {isa = PBXFileReference; explicitFileType = wrapper.application; includeInIndex = 0; path = Examples.app; sourceTree = BUILT_PRODUCTS_DIR; };
		D6A6F5E12684BD9900157970 /* AppDelegate.swift */ = {isa = PBXFileReference; lastKnownFileType = sourcecode.swift; path = AppDelegate.swift; sourceTree = "<group>"; };
		D6A6F5E32684BD9900157970 /* SceneDelegate.swift */ = {isa = PBXFileReference; lastKnownFileType = sourcecode.swift; path = SceneDelegate.swift; sourceTree = "<group>"; };
		D6A6F5E52684BD9A00157970 /* ViewController.swift */ = {isa = PBXFileReference; lastKnownFileType = sourcecode.swift; path = ViewController.swift; sourceTree = "<group>"; };
		D6A6F5E82684BD9A00157970 /* Base */ = {isa = PBXFileReference; lastKnownFileType = file.storyboard; name = Base; path = Base.lproj/Main.storyboard; sourceTree = "<group>"; };
		D6A6F5EA2684BD9B00157970 /* Assets.xcassets */ = {isa = PBXFileReference; lastKnownFileType = folder.assetcatalog; path = Assets.xcassets; sourceTree = "<group>"; };
		D6A6F5ED2684BD9B00157970 /* Base */ = {isa = PBXFileReference; lastKnownFileType = file.storyboard; name = Base; path = Base.lproj/LaunchScreen.storyboard; sourceTree = "<group>"; };
		D6A6F5EF2684BD9B00157970 /* Info.plist */ = {isa = PBXFileReference; lastKnownFileType = text.plist.xml; path = Info.plist; sourceTree = "<group>"; };
		D6ABBDAE2726B5920064473E /* String+Extension.swift */ = {isa = PBXFileReference; lastKnownFileType = sourcecode.swift; path = "String+Extension.swift"; sourceTree = "<group>"; };
		D6ABBDB12726C8E00064473E /* FormattingTextField+Extension.swift */ = {isa = PBXFileReference; lastKnownFileType = sourcecode.swift; path = "FormattingTextField+Extension.swift"; sourceTree = "<group>"; };
		D6ABBDB32726E4BE0064473E /* PhoneNumberFieldTests.swift */ = {isa = PBXFileReference; lastKnownFileType = sourcecode.swift; path = PhoneNumberFieldTests.swift; sourceTree = "<group>"; };
		D6ABBDB52726EA260064473E /* FormattingFieldTests.swift */ = {isa = PBXFileReference; lastKnownFileType = sourcecode.swift; path = FormattingFieldTests.swift; sourceTree = "<group>"; };
		D6ABBDBF27292FFC0064473E /* UIKit.framework */ = {isa = PBXFileReference; lastKnownFileType = wrapper.framework; name = UIKit.framework; path = System/Library/Frameworks/UIKit.framework; sourceTree = SDKROOT; };
		D6ABBDEF272ADDF60064473E /* PhoneNumberFormatter.swift */ = {isa = PBXFileReference; lastKnownFileType = sourcecode.swift; path = PhoneNumberFormatter.swift; sourceTree = "<group>"; };
		D6ABBDF1272AE0020064473E /* AGFormatter.swift */ = {isa = PBXFileReference; lastKnownFileType = sourcecode.swift; path = AGFormatter.swift; sourceTree = "<group>"; };
		D6ABBDF3272AE0220064473E /* DefaultFormatter.swift */ = {isa = PBXFileReference; lastKnownFileType = sourcecode.swift; path = DefaultFormatter.swift; sourceTree = "<group>"; };
		D6ABBDF5272AE1C60064473E /* DefaultFormatterTests.swift */ = {isa = PBXFileReference; lastKnownFileType = sourcecode.swift; path = DefaultFormatterTests.swift; sourceTree = "<group>"; };
		D6ABBDFB272D7F860064473E /* AGFormatter+Extension.swift */ = {isa = PBXFileReference; lastKnownFileType = sourcecode.swift; path = "AGFormatter+Extension.swift"; sourceTree = "<group>"; };
		D6B1E49A2BAE3F2F00DD8301 /* OTPViewController.swift */ = {isa = PBXFileReference; lastKnownFileType = sourcecode.swift; path = OTPViewController.swift; sourceTree = "<group>"; };
		D6C9B7DB2685F65600F08CAA /* PhoneTextField.swift */ = {isa = PBXFileReference; lastKnownFileType = sourcecode.swift; path = PhoneTextField.swift; sourceTree = "<group>"; };
		D6EC7C0F2B97A58400190184 /* PaddingTextField.swift */ = {isa = PBXFileReference; lastKnownFileType = sourcecode.swift; path = PaddingTextField.swift; sourceTree = "<group>"; };
		D6EC7C112B97C96200190184 /* MenuViewController.swift */ = {isa = PBXFileReference; lastKnownFileType = sourcecode.swift; path = MenuViewController.swift; sourceTree = "<group>"; };
		D6EC7C132B97CC4400190184 /* FloatingLabelViewController.swift */ = {isa = PBXFileReference; lastKnownFileType = sourcecode.swift; path = FloatingLabelViewController.swift; sourceTree = "<group>"; };
/* End PBXFileReference section */

/* Begin PBXFrameworksBuildPhase section */
		D6A6F5B62684BC9700157970 /* Frameworks */ = {
			isa = PBXFrameworksBuildPhase;
			buildActionMask = 2147483647;
			files = (
			);
			runOnlyForDeploymentPostprocessing = 0;
		};
		D6A6F5BF2684BC9700157970 /* Frameworks */ = {
			isa = PBXFrameworksBuildPhase;
			buildActionMask = 2147483647;
			files = (
				D6A6F5C32684BC9700157970 /* AGInputControls.framework in Frameworks */,
			);
			runOnlyForDeploymentPostprocessing = 0;
		};
		D6A6F5DC2684BD9900157970 /* Frameworks */ = {
			isa = PBXFrameworksBuildPhase;
			buildActionMask = 2147483647;
			files = (
				D6C9B7D22684DE9A00F08CAA /* AGInputControls.framework in Frameworks */,
			);
			runOnlyForDeploymentPostprocessing = 0;
		};
/* End PBXFrameworksBuildPhase section */

/* Begin PBXGroup section */
		D6306F232BA24AD500A8B54C /* App */ = {
			isa = PBXGroup;
			children = (
				D6A6F5E32684BD9900157970 /* SceneDelegate.swift */,
				D6A6F5E12684BD9900157970 /* AppDelegate.swift */,
			);
			path = App;
			sourceTree = "<group>";
		};
		D6306F242BA319B300A8B54C /* Base */ = {
			isa = PBXGroup;
			children = (
				D6306F252BA319C100A8B54C /* StackViewController.swift */,
				D6306F272BA319E400A8B54C /* Entry.swift */,
			);
			path = Base;
			sourceTree = "<group>";
		};
		D656DDBF26CFDE5600BAAA29 /* Source */ = {
			isa = PBXGroup;
			children = (
				D656DDBD26CD6E6A00BAAA29 /* UIFont+Monospaced.swift */,
				D6ABBDAE2726B5920064473E /* String+Extension.swift */,
				D6ABBDB12726C8E00064473E /* FormattingTextField+Extension.swift */,
				D6A6F5D52684BD5100157970 /* OTPCodeTextField.swift */,
				D60413AF26CA4BA0002031AC /* FloatingLabelTextField.swift */,
				D6C9B7DB2685F65600F08CAA /* PhoneTextField.swift */,
				D60413B126CA4BB4002031AC /* FormattingTextField.swift */,
				D6ABBDEF272ADDF60064473E /* PhoneNumberFormatter.swift */,
				D6ABBDF1272AE0020064473E /* AGFormatter.swift */,
				D6ABBDF3272AE0220064473E /* DefaultFormatter.swift */,
				D6ABBDFB272D7F860064473E /* AGFormatter+Extension.swift */,
				D6EC7C0F2B97A58400190184 /* PaddingTextField.swift */,
			);
			path = Source;
			sourceTree = "<group>";
		};
		D6A6F5AF2684BC9700157970 = {
			isa = PBXGroup;
			children = (
				D6A6F5BB2684BC9700157970 /* AGInputControls */,
				D6A6F5C62684BC9700157970 /* AGInputControlsTests */,
				D6A6F5E02684BD9900157970 /* Examples */,
				D6A6F5BA2684BC9700157970 /* Products */,
				D6C9B7D12684DE9A00F08CAA /* Frameworks */,
			);
			sourceTree = "<group>";
		};
		D6A6F5BA2684BC9700157970 /* Products */ = {
			isa = PBXGroup;
			children = (
				D6A6F5B92684BC9700157970 /* AGInputControls.framework */,
				D6A6F5C22684BC9700157970 /* AGInputControlsTests.xctest */,
				D6A6F5DF2684BD9900157970 /* Examples.app */,
			);
			name = Products;
			sourceTree = "<group>";
		};
		D6A6F5BB2684BC9700157970 /* AGInputControls */ = {
			isa = PBXGroup;
			children = (
				D656DDBF26CFDE5600BAAA29 /* Source */,
				D6A6F5BC2684BC9700157970 /* AGInputControls.h */,
				D6A6F5BD2684BC9700157970 /* Info.plist */,
			);
			path = AGInputControls;
			sourceTree = "<group>";
		};
		D6A6F5C62684BC9700157970 /* AGInputControlsTests */ = {
			isa = PBXGroup;
			children = (
				D6A6F5C72684BC9700157970 /* AGInputControlsTests.swift */,
				D6A6F5C92684BC9700157970 /* Info.plist */,
				D6ABBDB32726E4BE0064473E /* PhoneNumberFieldTests.swift */,
				D6ABBDB52726EA260064473E /* FormattingFieldTests.swift */,
				D6ABBDF5272AE1C60064473E /* DefaultFormatterTests.swift */,
				D64462AF2732B71E002104AC /* AcceptedLettersTests.swift */,
			);
			path = AGInputControlsTests;
			sourceTree = "<group>";
		};
		D6A6F5E02684BD9900157970 /* Examples */ = {
			isa = PBXGroup;
			children = (
				D6B1E4992BAE3E1600DD8301 /* ViewControllers */,
				D6306F232BA24AD500A8B54C /* App */,
				D6A6F5E52684BD9A00157970 /* ViewController.swift */,
				D6A6F5E72684BD9A00157970 /* Main.storyboard */,
				D6A6F5EA2684BD9B00157970 /* Assets.xcassets */,
				D6A6F5EC2684BD9B00157970 /* LaunchScreen.storyboard */,
				D6A6F5EF2684BD9B00157970 /* Info.plist */,
			);
			path = Examples;
			sourceTree = "<group>";
		};
		D6B1E4992BAE3E1600DD8301 /* ViewControllers */ = {
			isa = PBXGroup;
			children = (
				D6EC7C112B97C96200190184 /* MenuViewController.swift */,
				D6B1E49A2BAE3F2F00DD8301 /* OTPViewController.swift */,
				D6EC7C132B97CC4400190184 /* FloatingLabelViewController.swift */,
				D6493E472B9875580076841F /* PhoneFieldViewController.swift */,
				D6306F242BA319B300A8B54C /* Base */,
			);
			path = ViewControllers;
			sourceTree = "<group>";
		};
		D6C9B7D12684DE9A00F08CAA /* Frameworks */ = {
			isa = PBXGroup;
			children = (
				D6ABBDBF27292FFC0064473E /* UIKit.framework */,
			);
			name = Frameworks;
			sourceTree = "<group>";
		};
/* End PBXGroup section */

/* Begin PBXHeadersBuildPhase section */
		D6A6F5B42684BC9700157970 /* Headers */ = {
			isa = PBXHeadersBuildPhase;
			buildActionMask = 2147483647;
			files = (
				D6A6F5CA2684BC9700157970 /* AGInputControls.h in Headers */,
			);
			runOnlyForDeploymentPostprocessing = 0;
		};
/* End PBXHeadersBuildPhase section */

/* Begin PBXNativeTarget section */
		D6A6F5B82684BC9700157970 /* AGInputControls */ = {
			isa = PBXNativeTarget;
			buildConfigurationList = D6A6F5CD2684BC9700157970 /* Build configuration list for PBXNativeTarget "AGInputControls" */;
			buildPhases = (
				D6A6F5B42684BC9700157970 /* Headers */,
				D6A6F5B52684BC9700157970 /* Sources */,
				D6A6F5B62684BC9700157970 /* Frameworks */,
				D6A6F5B72684BC9700157970 /* Resources */,
			);
			buildRules = (
			);
			dependencies = (
			);
			name = AGInputControls;
			productName = AGInputControls;
			productReference = D6A6F5B92684BC9700157970 /* AGInputControls.framework */;
			productType = "com.apple.product-type.framework";
		};
		D6A6F5C12684BC9700157970 /* AGInputControlsTests */ = {
			isa = PBXNativeTarget;
			buildConfigurationList = D6A6F5D02684BC9700157970 /* Build configuration list for PBXNativeTarget "AGInputControlsTests" */;
			buildPhases = (
				D6A6F5BE2684BC9700157970 /* Sources */,
				D6A6F5BF2684BC9700157970 /* Frameworks */,
				D6A6F5C02684BC9700157970 /* Resources */,
			);
			buildRules = (
			);
			dependencies = (
				D6A6F5C52684BC9700157970 /* PBXTargetDependency */,
			);
			name = AGInputControlsTests;
			productName = AGInputControlsTests;
			productReference = D6A6F5C22684BC9700157970 /* AGInputControlsTests.xctest */;
			productType = "com.apple.product-type.bundle.unit-test";
		};
		D6A6F5DE2684BD9900157970 /* Examples */ = {
			isa = PBXNativeTarget;
			buildConfigurationList = D6A6F5F02684BD9B00157970 /* Build configuration list for PBXNativeTarget "Examples" */;
			buildPhases = (
				D6A6F5DB2684BD9900157970 /* Sources */,
				D6A6F5DC2684BD9900157970 /* Frameworks */,
				D6A6F5DD2684BD9900157970 /* Resources */,
				D6C9B7D62684DE9A00F08CAA /* Embed Frameworks */,
			);
			buildRules = (
			);
			dependencies = (
				D6C9B7D52684DE9A00F08CAA /* PBXTargetDependency */,
			);
			name = Examples;
			productName = Examples;
			productReference = D6A6F5DF2684BD9900157970 /* Examples.app */;
			productType = "com.apple.product-type.application";
		};
/* End PBXNativeTarget section */

/* Begin PBXProject section */
		D6A6F5B02684BC9700157970 /* Project object */ = {
			isa = PBXProject;
			attributes = {
				LastSwiftUpdateCheck = 1240;
				LastUpgradeCheck = 1240;
				TargetAttributes = {
					D6A6F5B82684BC9700157970 = {
						CreatedOnToolsVersion = 12.4;
						LastSwiftMigration = 1240;
					};
					D6A6F5C12684BC9700157970 = {
						CreatedOnToolsVersion = 12.4;
					};
					D6A6F5DE2684BD9900157970 = {
						CreatedOnToolsVersion = 12.4;
					};
				};
			};
			buildConfigurationList = D6A6F5B32684BC9700157970 /* Build configuration list for PBXProject "AGInputControls" */;
			compatibilityVersion = "Xcode 9.3";
			developmentRegion = en;
			hasScannedForEncodings = 0;
			knownRegions = (
				en,
				Base,
			);
			mainGroup = D6A6F5AF2684BC9700157970;
			productRefGroup = D6A6F5BA2684BC9700157970 /* Products */;
			projectDirPath = "";
			projectRoot = "";
			targets = (
				D6A6F5B82684BC9700157970 /* AGInputControls */,
				D6A6F5C12684BC9700157970 /* AGInputControlsTests */,
				D6A6F5DE2684BD9900157970 /* Examples */,
			);
		};
/* End PBXProject section */

/* Begin PBXResourcesBuildPhase section */
		D6A6F5B72684BC9700157970 /* Resources */ = {
			isa = PBXResourcesBuildPhase;
			buildActionMask = 2147483647;
			files = (
			);
			runOnlyForDeploymentPostprocessing = 0;
		};
		D6A6F5C02684BC9700157970 /* Resources */ = {
			isa = PBXResourcesBuildPhase;
			buildActionMask = 2147483647;
			files = (
			);
			runOnlyForDeploymentPostprocessing = 0;
		};
		D6A6F5DD2684BD9900157970 /* Resources */ = {
			isa = PBXResourcesBuildPhase;
			buildActionMask = 2147483647;
			files = (
				D6A6F5EE2684BD9B00157970 /* LaunchScreen.storyboard in Resources */,
				D6A6F5EB2684BD9B00157970 /* Assets.xcassets in Resources */,
				D6A6F5E92684BD9A00157970 /* Main.storyboard in Resources */,
			);
			runOnlyForDeploymentPostprocessing = 0;
		};
/* End PBXResourcesBuildPhase section */

/* Begin PBXSourcesBuildPhase section */
		D6A6F5B52684BC9700157970 /* Sources */ = {
			isa = PBXSourcesBuildPhase;
			buildActionMask = 2147483647;
			files = (
				D6ABBDF4272AE0220064473E /* DefaultFormatter.swift in Sources */,
				D6EC7C102B97A58400190184 /* PaddingTextField.swift in Sources */,
				D6ABBDFC272D7F860064473E /* AGFormatter+Extension.swift in Sources */,
				D6ABBDAF2726B5920064473E /* String+Extension.swift in Sources */,
				D60413B226CA4BB4002031AC /* FormattingTextField.swift in Sources */,
				D6C9B7DC2685F65600F08CAA /* PhoneTextField.swift in Sources */,
				D6ABBDB22726C8E00064473E /* FormattingTextField+Extension.swift in Sources */,
				D6ABBDF0272ADDF60064473E /* PhoneNumberFormatter.swift in Sources */,
				D60413B026CA4BA0002031AC /* FloatingLabelTextField.swift in Sources */,
				D6A6F5D62684BD5100157970 /* OTPCodeTextField.swift in Sources */,
				D6ABBDF2272AE0020064473E /* AGFormatter.swift in Sources */,
				D656DDBE26CD6E6A00BAAA29 /* UIFont+Monospaced.swift in Sources */,
			);
			runOnlyForDeploymentPostprocessing = 0;
		};
		D6A6F5BE2684BC9700157970 /* Sources */ = {
			isa = PBXSourcesBuildPhase;
			buildActionMask = 2147483647;
			files = (
				D6ABBDB42726E4BE0064473E /* PhoneNumberFieldTests.swift in Sources */,
				D64462B02732B71E002104AC /* AcceptedLettersTests.swift in Sources */,
				D6A6F5C82684BC9700157970 /* AGInputControlsTests.swift in Sources */,
				D6ABBDF6272AE1C60064473E /* DefaultFormatterTests.swift in Sources */,
				D6ABBDB62726EA260064473E /* FormattingFieldTests.swift in Sources */,
			);
			runOnlyForDeploymentPostprocessing = 0;
		};
		D6A6F5DB2684BD9900157970 /* Sources */ = {
			isa = PBXSourcesBuildPhase;
			buildActionMask = 2147483647;
			files = (
				D6306F282BA319E400A8B54C /* Entry.swift in Sources */,
				D6493E482B9875580076841F /* PhoneFieldViewController.swift in Sources */,
				D6A6F5E62684BD9A00157970 /* ViewController.swift in Sources */,
				D6B1E49B2BAE3F2F00DD8301 /* OTPViewController.swift in Sources */,
				D6EC7C142B97CC4400190184 /* FloatingLabelViewController.swift in Sources */,
				D6306F262BA319C100A8B54C /* StackViewController.swift in Sources */,
				D6A6F5E22684BD9900157970 /* AppDelegate.swift in Sources */,
				D6A6F5E42684BD9900157970 /* SceneDelegate.swift in Sources */,
				D6EC7C122B97C96200190184 /* MenuViewController.swift in Sources */,
			);
			runOnlyForDeploymentPostprocessing = 0;
		};
/* End PBXSourcesBuildPhase section */

/* Begin PBXTargetDependency section */
		D6A6F5C52684BC9700157970 /* PBXTargetDependency */ = {
			isa = PBXTargetDependency;
			target = D6A6F5B82684BC9700157970 /* AGInputControls */;
			targetProxy = D6A6F5C42684BC9700157970 /* PBXContainerItemProxy */;
		};
		D6C9B7D52684DE9A00F08CAA /* PBXTargetDependency */ = {
			isa = PBXTargetDependency;
			target = D6A6F5B82684BC9700157970 /* AGInputControls */;
			targetProxy = D6C9B7D42684DE9A00F08CAA /* PBXContainerItemProxy */;
		};
/* End PBXTargetDependency section */

/* Begin PBXVariantGroup section */
		D6A6F5E72684BD9A00157970 /* Main.storyboard */ = {
			isa = PBXVariantGroup;
			children = (
				D6A6F5E82684BD9A00157970 /* Base */,
			);
			name = Main.storyboard;
			sourceTree = "<group>";
		};
		D6A6F5EC2684BD9B00157970 /* LaunchScreen.storyboard */ = {
			isa = PBXVariantGroup;
			children = (
				D6A6F5ED2684BD9B00157970 /* Base */,
			);
			name = LaunchScreen.storyboard;
			sourceTree = "<group>";
		};
/* End PBXVariantGroup section */

/* Begin XCBuildConfiguration section */
		D6A6F5CB2684BC9700157970 /* Debug */ = {
			isa = XCBuildConfiguration;
			buildSettings = {
				ALWAYS_SEARCH_USER_PATHS = NO;
				CLANG_ANALYZER_NONNULL = YES;
				CLANG_ANALYZER_NUMBER_OBJECT_CONVERSION = YES_AGGRESSIVE;
				CLANG_CXX_LANGUAGE_STANDARD = "gnu++14";
				CLANG_CXX_LIBRARY = "libc++";
				CLANG_ENABLE_MODULES = YES;
				CLANG_ENABLE_OBJC_ARC = YES;
				CLANG_ENABLE_OBJC_WEAK = YES;
				CLANG_WARN_BLOCK_CAPTURE_AUTORELEASING = YES;
				CLANG_WARN_BOOL_CONVERSION = YES;
				CLANG_WARN_COMMA = YES;
				CLANG_WARN_CONSTANT_CONVERSION = YES;
				CLANG_WARN_DEPRECATED_OBJC_IMPLEMENTATIONS = YES;
				CLANG_WARN_DIRECT_OBJC_ISA_USAGE = YES_ERROR;
				CLANG_WARN_DOCUMENTATION_COMMENTS = YES;
				CLANG_WARN_EMPTY_BODY = YES;
				CLANG_WARN_ENUM_CONVERSION = YES;
				CLANG_WARN_INFINITE_RECURSION = YES;
				CLANG_WARN_INT_CONVERSION = YES;
				CLANG_WARN_NON_LITERAL_NULL_CONVERSION = YES;
				CLANG_WARN_OBJC_IMPLICIT_RETAIN_SELF = YES;
				CLANG_WARN_OBJC_LITERAL_CONVERSION = YES;
				CLANG_WARN_OBJC_ROOT_CLASS = YES_ERROR;
				CLANG_WARN_QUOTED_INCLUDE_IN_FRAMEWORK_HEADER = YES;
				CLANG_WARN_RANGE_LOOP_ANALYSIS = YES;
				CLANG_WARN_STRICT_PROTOTYPES = YES;
				CLANG_WARN_SUSPICIOUS_MOVE = YES;
				CLANG_WARN_UNGUARDED_AVAILABILITY = YES_AGGRESSIVE;
				CLANG_WARN_UNREACHABLE_CODE = YES;
				CLANG_WARN__DUPLICATE_METHOD_MATCH = YES;
				COPY_PHASE_STRIP = NO;
				CURRENT_PROJECT_VERSION = 1;
				DEBUG_INFORMATION_FORMAT = dwarf;
				ENABLE_STRICT_OBJC_MSGSEND = YES;
				ENABLE_TESTABILITY = YES;
				GCC_C_LANGUAGE_STANDARD = gnu11;
				GCC_DYNAMIC_NO_PIC = NO;
				GCC_NO_COMMON_BLOCKS = YES;
				GCC_OPTIMIZATION_LEVEL = 0;
				GCC_PREPROCESSOR_DEFINITIONS = (
					"DEBUG=1",
					"$(inherited)",
				);
				GCC_WARN_64_TO_32_BIT_CONVERSION = YES;
				GCC_WARN_ABOUT_RETURN_TYPE = YES_ERROR;
				GCC_WARN_UNDECLARED_SELECTOR = YES;
				GCC_WARN_UNINITIALIZED_AUTOS = YES_AGGRESSIVE;
				GCC_WARN_UNUSED_FUNCTION = YES;
				GCC_WARN_UNUSED_VARIABLE = YES;
				IPHONEOS_DEPLOYMENT_TARGET = 14.4;
				MTL_ENABLE_DEBUG_INFO = INCLUDE_SOURCE;
				MTL_FAST_MATH = YES;
				ONLY_ACTIVE_ARCH = YES;
				SDKROOT = iphoneos;
				SWIFT_ACTIVE_COMPILATION_CONDITIONS = DEBUG;
				SWIFT_OPTIMIZATION_LEVEL = "-Onone";
				VERSIONING_SYSTEM = "apple-generic";
				VERSION_INFO_PREFIX = "";
			};
			name = Debug;
		};
		D6A6F5CC2684BC9700157970 /* Release */ = {
			isa = XCBuildConfiguration;
			buildSettings = {
				ALWAYS_SEARCH_USER_PATHS = NO;
				CLANG_ANALYZER_NONNULL = YES;
				CLANG_ANALYZER_NUMBER_OBJECT_CONVERSION = YES_AGGRESSIVE;
				CLANG_CXX_LANGUAGE_STANDARD = "gnu++14";
				CLANG_CXX_LIBRARY = "libc++";
				CLANG_ENABLE_MODULES = YES;
				CLANG_ENABLE_OBJC_ARC = YES;
				CLANG_ENABLE_OBJC_WEAK = YES;
				CLANG_WARN_BLOCK_CAPTURE_AUTORELEASING = YES;
				CLANG_WARN_BOOL_CONVERSION = YES;
				CLANG_WARN_COMMA = YES;
				CLANG_WARN_CONSTANT_CONVERSION = YES;
				CLANG_WARN_DEPRECATED_OBJC_IMPLEMENTATIONS = YES;
				CLANG_WARN_DIRECT_OBJC_ISA_USAGE = YES_ERROR;
				CLANG_WARN_DOCUMENTATION_COMMENTS = YES;
				CLANG_WARN_EMPTY_BODY = YES;
				CLANG_WARN_ENUM_CONVERSION = YES;
				CLANG_WARN_INFINITE_RECURSION = YES;
				CLANG_WARN_INT_CONVERSION = YES;
				CLANG_WARN_NON_LITERAL_NULL_CONVERSION = YES;
				CLANG_WARN_OBJC_IMPLICIT_RETAIN_SELF = YES;
				CLANG_WARN_OBJC_LITERAL_CONVERSION = YES;
				CLANG_WARN_OBJC_ROOT_CLASS = YES_ERROR;
				CLANG_WARN_QUOTED_INCLUDE_IN_FRAMEWORK_HEADER = YES;
				CLANG_WARN_RANGE_LOOP_ANALYSIS = YES;
				CLANG_WARN_STRICT_PROTOTYPES = YES;
				CLANG_WARN_SUSPICIOUS_MOVE = YES;
				CLANG_WARN_UNGUARDED_AVAILABILITY = YES_AGGRESSIVE;
				CLANG_WARN_UNREACHABLE_CODE = YES;
				CLANG_WARN__DUPLICATE_METHOD_MATCH = YES;
				COPY_PHASE_STRIP = NO;
				CURRENT_PROJECT_VERSION = 1;
				DEBUG_INFORMATION_FORMAT = "dwarf-with-dsym";
				ENABLE_NS_ASSERTIONS = NO;
				ENABLE_STRICT_OBJC_MSGSEND = YES;
				GCC_C_LANGUAGE_STANDARD = gnu11;
				GCC_NO_COMMON_BLOCKS = YES;
				GCC_WARN_64_TO_32_BIT_CONVERSION = YES;
				GCC_WARN_ABOUT_RETURN_TYPE = YES_ERROR;
				GCC_WARN_UNDECLARED_SELECTOR = YES;
				GCC_WARN_UNINITIALIZED_AUTOS = YES_AGGRESSIVE;
				GCC_WARN_UNUSED_FUNCTION = YES;
				GCC_WARN_UNUSED_VARIABLE = YES;
				IPHONEOS_DEPLOYMENT_TARGET = 14.4;
				MTL_ENABLE_DEBUG_INFO = NO;
				MTL_FAST_MATH = YES;
				SDKROOT = iphoneos;
				SWIFT_COMPILATION_MODE = wholemodule;
				SWIFT_OPTIMIZATION_LEVEL = "-O";
				VALIDATE_PRODUCT = YES;
				VERSIONING_SYSTEM = "apple-generic";
				VERSION_INFO_PREFIX = "";
			};
			name = Release;
		};
		D6A6F5CE2684BC9700157970 /* Debug */ = {
			isa = XCBuildConfiguration;
			buildSettings = {
				APPLICATION_EXTENSION_API_ONLY = NO;
				CLANG_ENABLE_MODULES = YES;
				CODE_SIGN_STYLE = Manual;
				DEFINES_MODULE = YES;
				DEVELOPMENT_TEAM = "";
				DYLIB_COMPATIBILITY_VERSION = 1;
				DYLIB_CURRENT_VERSION = 1;
				DYLIB_INSTALL_NAME_BASE = "@rpath";
				INFOPLIST_FILE = AGInputControls/Info.plist;
				INSTALL_PATH = "$(LOCAL_LIBRARY_DIR)/Frameworks";
				IPHONEOS_DEPLOYMENT_TARGET = 9.0;
				LD_RUNPATH_SEARCH_PATHS = (
					"$(inherited)",
					"@executable_path/Frameworks",
					"@loader_path/Frameworks",
				);
				PRODUCT_BUNDLE_IDENTIFIER = ru.agima.AGInputControls;
				PRODUCT_NAME = "$(TARGET_NAME:c99extidentifier)";
				PROVISIONING_PROFILE_SPECIFIER = "";
				"PROVISIONING_PROFILE_SPECIFIER[sdk=macosx*]" = "";
				SKIP_INSTALL = YES;
				SUPPORTS_MACCATALYST = NO;
				SWIFT_OPTIMIZATION_LEVEL = "-Onone";
				SWIFT_VERSION = 5.0;
				TARGETED_DEVICE_FAMILY = "1,2";
			};
			name = Debug;
		};
		D6A6F5CF2684BC9700157970 /* Release */ = {
			isa = XCBuildConfiguration;
			buildSettings = {
				APPLICATION_EXTENSION_API_ONLY = NO;
				CLANG_ENABLE_MODULES = YES;
				CODE_SIGN_STYLE = Manual;
				DEFINES_MODULE = YES;
				DEVELOPMENT_TEAM = "";
				DYLIB_COMPATIBILITY_VERSION = 1;
				DYLIB_CURRENT_VERSION = 1;
				DYLIB_INSTALL_NAME_BASE = "@rpath";
				INFOPLIST_FILE = AGInputControls/Info.plist;
				INSTALL_PATH = "$(LOCAL_LIBRARY_DIR)/Frameworks";
				IPHONEOS_DEPLOYMENT_TARGET = 9.0;
				LD_RUNPATH_SEARCH_PATHS = (
					"$(inherited)",
					"@executable_path/Frameworks",
					"@loader_path/Frameworks",
				);
				PRODUCT_BUNDLE_IDENTIFIER = ru.agima.AGInputControls;
				PRODUCT_NAME = "$(TARGET_NAME:c99extidentifier)";
				PROVISIONING_PROFILE_SPECIFIER = "";
				"PROVISIONING_PROFILE_SPECIFIER[sdk=macosx*]" = "";
				SKIP_INSTALL = YES;
				SUPPORTS_MACCATALYST = NO;
				SWIFT_VERSION = 5.0;
				TARGETED_DEVICE_FAMILY = "1,2";
			};
			name = Release;
		};
		D6A6F5D12684BC9700157970 /* Debug */ = {
			isa = XCBuildConfiguration;
			buildSettings = {
				ALWAYS_EMBED_SWIFT_STANDARD_LIBRARIES = YES;
				CODE_SIGN_IDENTITY = "";
				CODE_SIGN_STYLE = Manual;
				DEVELOPMENT_TEAM = "";
				INFOPLIST_FILE = AGInputControlsTests/Info.plist;
				IPHONEOS_DEPLOYMENT_TARGET = 13.0;
				LD_RUNPATH_SEARCH_PATHS = (
					"$(inherited)",
					"@executable_path/Frameworks",
					"@loader_path/Frameworks",
				);
				PRODUCT_BUNDLE_IDENTIFIER = ru.agima.AGInputControlsTests;
				PRODUCT_NAME = "$(TARGET_NAME)";
				PROVISIONING_PROFILE_SPECIFIER = "";
				"PROVISIONING_PROFILE_SPECIFIER[sdk=macosx*]" = "";
				SWIFT_VERSION = 5.0;
				TARGETED_DEVICE_FAMILY = "1,2";
			};
			name = Debug;
		};
		D6A6F5D22684BC9700157970 /* Release */ = {
			isa = XCBuildConfiguration;
			buildSettings = {
				ALWAYS_EMBED_SWIFT_STANDARD_LIBRARIES = YES;
				CODE_SIGN_IDENTITY = "";
				CODE_SIGN_STYLE = Manual;
				DEVELOPMENT_TEAM = "";
				INFOPLIST_FILE = AGInputControlsTests/Info.plist;
				IPHONEOS_DEPLOYMENT_TARGET = 13.0;
				LD_RUNPATH_SEARCH_PATHS = (
					"$(inherited)",
					"@executable_path/Frameworks",
					"@loader_path/Frameworks",
				);
				PRODUCT_BUNDLE_IDENTIFIER = ru.agima.AGInputControlsTests;
				PRODUCT_NAME = "$(TARGET_NAME)";
				PROVISIONING_PROFILE_SPECIFIER = "";
				"PROVISIONING_PROFILE_SPECIFIER[sdk=macosx*]" = "";
				SWIFT_VERSION = 5.0;
				TARGETED_DEVICE_FAMILY = "1,2";
			};
			name = Release;
		};
		D6A6F5F12684BD9B00157970 /* Debug */ = {
			isa = XCBuildConfiguration;
			buildSettings = {
				ASSETCATALOG_COMPILER_APPICON_NAME = AppIcon;
				ASSETCATALOG_COMPILER_GLOBAL_ACCENT_COLOR_NAME = AccentColor;
				CODE_SIGN_STYLE = Manual;
				DEVELOPMENT_TEAM = "";
				INFOPLIST_FILE = Examples/Info.plist;
				IPHONEOS_DEPLOYMENT_TARGET = 13.0;
				LD_RUNPATH_SEARCH_PATHS = (
					"$(inherited)",
					"@executable_path/Frameworks",
				);
				PRODUCT_BUNDLE_IDENTIFIER = ru.agima.Examples;
				PRODUCT_NAME = "$(TARGET_NAME)";
				PROVISIONING_PROFILE_SPECIFIER = "";
				SWIFT_VERSION = 5.0;
				TARGETED_DEVICE_FAMILY = "1,2";
			};
			name = Debug;
		};
		D6A6F5F22684BD9B00157970 /* Release */ = {
			isa = XCBuildConfiguration;
			buildSettings = {
				ASSETCATALOG_COMPILER_APPICON_NAME = AppIcon;
				ASSETCATALOG_COMPILER_GLOBAL_ACCENT_COLOR_NAME = AccentColor;
				CODE_SIGN_STYLE = Manual;
				DEVELOPMENT_TEAM = "";
				INFOPLIST_FILE = Examples/Info.plist;
				IPHONEOS_DEPLOYMENT_TARGET = 13.0;
				LD_RUNPATH_SEARCH_PATHS = (
					"$(inherited)",
					"@executable_path/Frameworks",
				);
				PRODUCT_BUNDLE_IDENTIFIER = ru.agima.Examples;
				PRODUCT_NAME = "$(TARGET_NAME)";
				PROVISIONING_PROFILE_SPECIFIER = "";
				SWIFT_VERSION = 5.0;
				TARGETED_DEVICE_FAMILY = "1,2";
			};
			name = Release;
		};
/* End XCBuildConfiguration section */

/* Begin XCConfigurationList section */
		D6A6F5B32684BC9700157970 /* Build configuration list for PBXProject "AGInputControls" */ = {
			isa = XCConfigurationList;
			buildConfigurations = (
				D6A6F5CB2684BC9700157970 /* Debug */,
				D6A6F5CC2684BC9700157970 /* Release */,
			);
			defaultConfigurationIsVisible = 0;
			defaultConfigurationName = Release;
		};
		D6A6F5CD2684BC9700157970 /* Build configuration list for PBXNativeTarget "AGInputControls" */ = {
			isa = XCConfigurationList;
			buildConfigurations = (
				D6A6F5CE2684BC9700157970 /* Debug */,
				D6A6F5CF2684BC9700157970 /* Release */,
			);
			defaultConfigurationIsVisible = 0;
			defaultConfigurationName = Release;
		};
		D6A6F5D02684BC9700157970 /* Build configuration list for PBXNativeTarget "AGInputControlsTests" */ = {
			isa = XCConfigurationList;
			buildConfigurations = (
				D6A6F5D12684BC9700157970 /* Debug */,
				D6A6F5D22684BC9700157970 /* Release */,
			);
			defaultConfigurationIsVisible = 0;
			defaultConfigurationName = Release;
		};
		D6A6F5F02684BD9B00157970 /* Build configuration list for PBXNativeTarget "Examples" */ = {
			isa = XCConfigurationList;
			buildConfigurations = (
				D6A6F5F12684BD9B00157970 /* Debug */,
				D6A6F5F22684BD9B00157970 /* Release */,
			);
			defaultConfigurationIsVisible = 0;
			defaultConfigurationName = Release;
		};
/* End XCConfigurationList section */
	};
	rootObject = D6A6F5B02684BC9700157970 /* Project object */;
}
